// !$*UTF8*$!
{
	archiveVersion = 1;
	classes = {
	};
	objectVersion = 56;
	objects = {

/* Begin PBXBuildFile section */
		056AF0692C126BFB008C341D /* Aula01UFESApp.swift in Sources */ = {isa = PBXBuildFile; fileRef = 056AF0682C126BFB008C341D /* Aula01UFESApp.swift */; };
		056AF06B2C126BFB008C341D /* ContentView.swift in Sources */ = {isa = PBXBuildFile; fileRef = 056AF06A2C126BFB008C341D /* ContentView.swift */; };
		056AF06D2C126BFC008C341D /* Assets.xcassets in Resources */ = {isa = PBXBuildFile; fileRef = 056AF06C2C126BFC008C341D /* Assets.xcassets */; };
		056AF0702C126BFC008C341D /* Preview Assets.xcassets in Resources */ = {isa = PBXBuildFile; fileRef = 056AF06F2C126BFC008C341D /* Preview Assets.xcassets */; };
		056AF0772C126E07008C341D /* Desafio2.swift in Sources */ = {isa = PBXBuildFile; fileRef = 056AF0762C126E07008C341D /* Desafio2.swift */; };
		056AF0792C126E60008C341D /* Desafio1.swift in Sources */ = {isa = PBXBuildFile; fileRef = 056AF0782C126E60008C341D /* Desafio1.swift */; };
		056AF07B2C127BB0008C341D /* Desafio3.swift in Sources */ = {isa = PBXBuildFile; fileRef = 056AF07A2C127BB0008C341D /* Desafio3.swift */; };
/* End PBXBuildFile section */

/* Begin PBXFileReference section */
		056AF0652C126BFB008C341D /* Aula01UFES.app */ = {isa = PBXFileReference; explicitFileType = wrapper.application; includeInIndex = 0; path = Aula01UFES.app; sourceTree = BUILT_PRODUCTS_DIR; };
		056AF0682C126BFB008C341D /* Aula01UFESApp.swift */ = {isa = PBXFileReference; lastKnownFileType = sourcecode.swift; path = Aula01UFESApp.swift; sourceTree = "<group>"; };
		056AF06A2C126BFB008C341D /* ContentView.swift */ = {isa = PBXFileReference; lastKnownFileType = sourcecode.swift; path = ContentView.swift; sourceTree = "<group>"; };
		056AF06C2C126BFC008C341D /* Assets.xcassets */ = {isa = PBXFileReference; lastKnownFileType = folder.assetcatalog; path = Assets.xcassets; sourceTree = "<group>"; };
		056AF06F2C126BFC008C341D /* Preview Assets.xcassets */ = {isa = PBXFileReference; lastKnownFileType = folder.assetcatalog; path = "Preview Assets.xcassets"; sourceTree = "<group>"; };
		056AF0762C126E07008C341D /* Desafio2.swift */ = {isa = PBXFileReference; lastKnownFileType = sourcecode.swift; path = Desafio2.swift; sourceTree = "<group>"; };
		056AF0782C126E60008C341D /* Desafio1.swift */ = {isa = PBXFileReference; lastKnownFileType = sourcecode.swift; path = Desafio1.swift; sourceTree = "<group>"; };
		056AF07A2C127BB0008C341D /* Desafio3.swift */ = {isa = PBXFileReference; lastKnownFileType = sourcecode.swift; path = Desafio3.swift; sourceTree = "<group>"; };
/* End PBXFileReference section */

/* Begin PBXFrameworksBuildPhase section */
		056AF0622C126BFB008C341D /* Frameworks */ = {
			isa = PBXFrameworksBuildPhase;
			buildActionMask = 2147483647;
			files = (
			);
			runOnlyForDeploymentPostprocessing = 0;
		};
/* End PBXFrameworksBuildPhase section */

/* Begin PBXGroup section */
		056AF05C2C126BFB008C341D = {
			isa = PBXGroup;
			children = (
				056AF07A2C127BB0008C341D /* Desafio3.swift */,
				056AF0782C126E60008C341D /* Desafio1.swift */,
				056AF0762C126E07008C341D /* Desafio2.swift */,
				056AF0672C126BFB008C341D /* Aula01UFES */,
				056AF0662C126BFB008C341D /* Products */,
			);
			sourceTree = "<group>";
		};
		056AF0662C126BFB008C341D /* Products */ = {
			isa = PBXGroup;
			children = (
				056AF0652C126BFB008C341D /* Aula01UFES.app */,
			);
			name = Products;
			sourceTree = "<group>";
		};
		056AF0672C126BFB008C341D /* Aula01UFES */ = {
			isa = PBXGroup;
			children = (
				056AF0682C126BFB008C341D /* Aula01UFESApp.swift */,
				056AF06A2C126BFB008C341D /* ContentView.swift */,
				056AF06C2C126BFC008C341D /* Assets.xcassets */,
				056AF06E2C126BFC008C341D /* Preview Content */,
			);
			path = Aula01UFES;
			sourceTree = "<group>";
		};
		056AF06E2C126BFC008C341D /* Preview Content */ = {
			isa = PBXGroup;
			children = (
				056AF06F2C126BFC008C341D /* Preview Assets.xcassets */,
			);
			path = "Preview Content";
			sourceTree = "<group>";
		};
/* End PBXGroup section */

/* Begin PBXNativeTarget section */
		056AF0642C126BFB008C341D /* Aula01UFES */ = {
			isa = PBXNativeTarget;
			buildConfigurationList = 056AF0732C126BFC008C341D /* Build configuration list for PBXNativeTarget "Aula01UFES" */;
			buildPhases = (
				056AF0612C126BFB008C341D /* Sources */,
				056AF0622C126BFB008C341D /* Frameworks */,
				056AF0632C126BFB008C341D /* Resources */,
			);
			buildRules = (
			);
			dependencies = (
			);
			name = Aula01UFES;
			productName = Aula01UFES;
			productReference = 056AF0652C126BFB008C341D /* Aula01UFES.app */;
			productType = "com.apple.product-type.application";
		};
/* End PBXNativeTarget section */

/* Begin PBXProject section */
		056AF05D2C126BFB008C341D /* Project object */ = {
			isa = PBXProject;
			attributes = {
				BuildIndependentTargetsInParallel = 1;
				LastSwiftUpdateCheck = 1520;
				LastUpgradeCheck = 1520;
				TargetAttributes = {
					056AF0642C126BFB008C341D = {
						CreatedOnToolsVersion = 15.2;
					};
				};
			};
			buildConfigurationList = 056AF0602C126BFB008C341D /* Build configuration list for PBXProject "Aula01UFES" */;
			compatibilityVersion = "Xcode 14.0";
			developmentRegion = en;
			hasScannedForEncodings = 0;
			knownRegions = (
				en,
				Base,
			);
			mainGroup = 056AF05C2C126BFB008C341D;
			productRefGroup = 056AF0662C126BFB008C341D /* Products */;
			projectDirPath = "";
			projectRoot = "";
			targets = (
				056AF0642C126BFB008C341D /* Aula01UFES */,
			);
		};
/* End PBXProject section */

/* Begin PBXResourcesBuildPhase section */
		056AF0632C126BFB008C341D /* Resources */ = {
			isa = PBXResourcesBuildPhase;
			buildActionMask = 2147483647;
			files = (
				056AF0702C126BFC008C341D /* Preview Assets.xcassets in Resources */,
				056AF06D2C126BFC008C341D /* Assets.xcassets in Resources */,
			);
			runOnlyForDeploymentPostprocessing = 0;
		};
/* End PBXResourcesBuildPhase section */

/* Begin PBXSourcesBuildPhase section */
		056AF0612C126BFB008C341D /* Sources */ = {
			isa = PBXSourcesBuildPhase;
			buildActionMask = 2147483647;
			files = (
				056AF0772C126E07008C341D /* Desafio2.swift in Sources */,
				056AF0792C126E60008C341D /* Desafio1.swift in Sources */,
				056AF06B2C126BFB008C341D /* ContentView.swift in Sources */,
				056AF07B2C127BB0008C341D /* Desafio3.swift in Sources */,
				056AF0692C126BFB008C341D /* Aula01UFESApp.swift in Sources */,
			);
			runOnlyForDeploymentPostprocessing = 0;
		};
/* End PBXSourcesBuildPhase section */

/* Begin XCBuildConfiguration section */
		056AF0712C126BFC008C341D /* Debug */ = {
			isa = XCBuildConfiguration;
			buildSettings = {
				ALWAYS_SEARCH_USER_PATHS = NO;
				ASSETCATALOG_COMPILER_GENERATE_SWIFT_ASSET_SYMBOL_EXTENSIONS = YES;
				CLANG_ANALYZER_NONNULL = YES;
				CLANG_ANALYZER_NUMBER_OBJECT_CONVERSION = YES_AGGRESSIVE;
				CLANG_CXX_LANGUAGE_STANDARD = "gnu++20";
				CLANG_ENABLE_MODULES = YES;
				CLANG_ENABLE_OBJC_ARC = YES;
				CLANG_ENABLE_OBJC_WEAK = YES;
				CLANG_WARN_BLOCK_CAPTURE_AUTORELEASING = YES;
				CLANG_WARN_BOOL_CONVERSION = YES;
				CLANG_WARN_COMMA = YES;
				CLANG_WARN_CONSTANT_CONVERSION = YES;
				CLANG_WARN_DEPRECATED_OBJC_IMPLEMENTATIONS = YES;
				CLANG_WARN_DIRECT_OBJC_ISA_USAGE = YES_ERROR;
				CLANG_WARN_DOCUMENTATION_COMMENTS = YES;
				CLANG_WARN_EMPTY_BODY = YES;
				CLANG_WARN_ENUM_CONVERSION = YES;
				CLANG_WARN_INFINITE_RECURSION = YES;
				CLANG_WARN_INT_CONVERSION = YES;
				CLANG_WARN_NON_LITERAL_NULL_CONVERSION = YES;
				CLANG_WARN_OBJC_IMPLICIT_RETAIN_SELF = YES;
				CLANG_WARN_OBJC_LITERAL_CONVERSION = YES;
				CLANG_WARN_OBJC_ROOT_CLASS = YES_ERROR;
				CLANG_WARN_QUOTED_INCLUDE_IN_FRAMEWORK_HEADER = YES;
				CLANG_WARN_RANGE_LOOP_ANALYSIS = YES;
				CLANG_WARN_STRICT_PROTOTYPES = YES;
				CLANG_WARN_SUSPICIOUS_MOVE = YES;
				CLANG_WARN_UNGUARDED_AVAILABILITY = YES_AGGRESSIVE;
				CLANG_WARN_UNREACHABLE_CODE = YES;
				CLANG_WARN__DUPLICATE_METHOD_MATCH = YES;
				COPY_PHASE_STRIP = NO;
				DEBUG_INFORMATION_FORMAT = dwarf;
				ENABLE_STRICT_OBJC_MSGSEND = YES;
				ENABLE_TESTABILITY = YES;
				ENABLE_USER_SCRIPT_SANDBOXING = YES;
				GCC_C_LANGUAGE_STANDARD = gnu17;
				GCC_DYNAMIC_NO_PIC = NO;
				GCC_NO_COMMON_BLOCKS = YES;
				GCC_OPTIMIZATION_LEVEL = 0;
				GCC_PREPROCESSOR_DEFINITIONS = (
					"DEBUG=1",
					"$(inherited)",
				);
				GCC_WARN_64_TO_32_BIT_CONVERSION = YES;
				GCC_WARN_ABOUT_RETURN_TYPE = YES_ERROR;
				GCC_WARN_UNDECLARED_SELECTOR = YES;
				GCC_WARN_UNINITIALIZED_AUTOS = YES_AGGRESSIVE;
				GCC_WARN_UNUSED_FUNCTION = YES;
				GCC_WARN_UNUSED_VARIABLE = YES;
				IPHONEOS_DEPLOYMENT_TARGET = 17.2;
				LOCALIZATION_PREFERS_STRING_CATALOGS = YES;
				MTL_ENABLE_DEBUG_INFO = INCLUDE_SOURCE;
				MTL_FAST_MATH = YES;
				ONLY_ACTIVE_ARCH = YES;
				SDKROOT = iphoneos;
				SWIFT_ACTIVE_COMPILATION_CONDITIONS = "DEBUG $(inherited)";
				SWIFT_OPTIMIZATION_LEVEL = "-Onone";
			};
			name = Debug;
		};
		056AF0722C126BFC008C341D /* Release */ = {
			isa = XCBuildConfiguration;
			buildSettings = {
				ALWAYS_SEARCH_USER_PATHS = NO;
				ASSETCATALOG_COMPILER_GENERATE_SWIFT_ASSET_SYMBOL_EXTENSIONS = YES;
				CLANG_ANALYZER_NONNULL = YES;
				CLANG_ANALYZER_NUMBER_OBJECT_CONVERSION = YES_AGGRESSIVE;
				CLANG_CXX_LANGUAGE_STANDARD = "gnu++20";
				CLANG_ENABLE_MODULES = YES;
				CLANG_ENABLE_OBJC_ARC = YES;
				CLANG_ENABLE_OBJC_WEAK = YES;
				CLANG_WARN_BLOCK_CAPTURE_AUTORELEASING = YES;
				CLANG_WARN_BOOL_CONVERSION = YES;
				CLANG_WARN_COMMA = YES;
				CLANG_WARN_CONSTANT_CONVERSION = YES;
				CLANG_WARN_DEPRECATED_OBJC_IMPLEMENTATIONS = YES;
				CLANG_WARN_DIRECT_OBJC_ISA_USAGE = YES_ERROR;
				CLANG_WARN_DOCUMENTATION_COMMENTS = YES;
				CLANG_WARN_EMPTY_BODY = YES;
				CLANG_WARN_ENUM_CONVERSION = YES;
				CLANG_WARN_INFINITE_RECURSION = YES;
				CLANG_WARN_INT_CONVERSION = YES;
				CLANG_WARN_NON_LITERAL_NULL_CONVERSION = YES;
				CLANG_WARN_OBJC_IMPLICIT_RETAIN_SELF = YES;
				CLANG_WARN_OBJC_LITERAL_CONVERSION = YES;
				CLANG_WARN_OBJC_ROOT_CLASS = YES_ERROR;
				CLANG_WARN_QUOTED_INCLUDE_IN_FRAMEWORK_HEADER = YES;
				CLANG_WARN_RANGE_LOOP_ANALYSIS = YES;
				CLANG_WARN_STRICT_PROTOTYPES = YES;
				CLANG_WARN_SUSPICIOUS_MOVE = YES;
				CLANG_WARN_UNGUARDED_AVAILABILITY = YES_AGGRESSIVE;
				CLANG_WARN_UNREACHABLE_CODE = YES;
				CLANG_WARN__DUPLICATE_METHOD_MATCH = YES;
				COPY_PHASE_STRIP = NO;
				DEBUG_INFORMATION_FORMAT = "dwarf-with-dsym";
				ENABLE_NS_ASSERTIONS = NO;
				ENABLE_STRICT_OBJC_MSGSEND = YES;
				ENABLE_USER_SCRIPT_SANDBOXING = YES;
				GCC_C_LANGUAGE_STANDARD = gnu17;
				GCC_NO_COMMON_BLOCKS = YES;
				GCC_WARN_64_TO_32_BIT_CONVERSION = YES;
				GCC_WARN_ABOUT_RETURN_TYPE = YES_ERROR;
				GCC_WARN_UNDECLARED_SELECTOR = YES;
				GCC_WARN_UNINITIALIZED_AUTOS = YES_AGGRESSIVE;
				GCC_WARN_UNUSED_FUNCTION = YES;
				GCC_WARN_UNUSED_VARIABLE = YES;
				IPHONEOS_DEPLOYMENT_TARGET = 17.2;
				LOCALIZATION_PREFERS_STRING_CATALOGS = YES;
				MTL_ENABLE_DEBUG_INFO = NO;
				MTL_FAST_MATH = YES;
				SDKROOT = iphoneos;
				SWIFT_COMPILATION_MODE = wholemodule;
				VALIDATE_PRODUCT = YES;
			};
			name = Release;
		};
		056AF0742C126BFC008C341D /* Debug */ = {
			isa = XCBuildConfiguration;
			buildSettings = {
				ASSETCATALOG_COMPILER_APPICON_NAME = AppIcon;
				ASSETCATALOG_COMPILER_GLOBAL_ACCENT_COLOR_NAME = AccentColor;
				CODE_SIGN_STYLE = Automatic;
				CURRENT_PROJECT_VERSION = 1;
				DEVELOPMENT_ASSET_PATHS = "\"Aula01UFES/Preview Content\"";
				ENABLE_PREVIEWS = YES;
				GENERATE_INFOPLIST_FILE = YES;
				INFOPLIST_KEY_UIApplicationSceneManifest_Generation = YES;
				INFOPLIST_KEY_UIApplicationSupportsIndirectInputEvents = YES;
				INFOPLIST_KEY_UILaunchScreen_Generation = YES;
				INFOPLIST_KEY_UISupportedInterfaceOrientations_iPad = "UIInterfaceOrientationPortrait UIInterfaceOrientationPortraitUpsideDown UIInterfaceOrientationLandscapeLeft UIInterfaceOrientationLandscapeRight";
				INFOPLIST_KEY_UISupportedInterfaceOrientations_iPhone = "UIInterfaceOrientationPortrait UIInterfaceOrientationLandscapeLeft UIInterfaceOrientationLandscapeRight";
				LD_RUNPATH_SEARCH_PATHS = (
					"$(inherited)",
					"@executable_path/Frameworks",
				);
				MARKETING_VERSION = 1.0;
				PRODUCT_BUNDLE_IDENTIFIER = Felipe.Aula01UFES;
				PRODUCT_NAME = "$(TARGET_NAME)";
				SWIFT_EMIT_LOC_STRINGS = YES;
				SWIFT_VERSION = 5.0;
				TARGETED_DEVICE_FAMILY = "1,2";
			};
			name = Debug;
		};
		056AF0752C126BFC008C341D /* Release */ = {
			isa = XCBuildConfiguration;
			buildSettings = {
				ASSETCATALOG_COMPILER_APPICON_NAME = AppIcon;
				ASSETCATALOG_COMPILER_GLOBAL_ACCENT_COLOR_NAME = AccentColor;
				CODE_SIGN_STYLE = Automatic;
				CURRENT_PROJECT_VERSION = 1;
				DEVELOPMENT_ASSET_PATHS = "\"Aula01UFES/Preview Content\"";
				ENABLE_PREVIEWS = YES;
				GENERATE_INFOPLIST_FILE = YES;
				INFOPLIST_KEY_UIApplicationSceneManifest_Generation = YES;
				INFOPLIST_KEY_UIApplicationSupportsIndirectInputEvents = YES;
				INFOPLIST_KEY_UILaunchScreen_Generation = YES;
				INFOPLIST_KEY_UISupportedInterfaceOrientations_iPad = "UIInterfaceOrientationPortrait UIInterfaceOrientationPortraitUpsideDown UIInterfaceOrientationLandscapeLeft UIInterfaceOrientationLandscapeRight";
				INFOPLIST_KEY_UISupportedInterfaceOrientations_iPhone = "UIInterfaceOrientationPortrait UIInterfaceOrientationLandscapeLeft UIInterfaceOrientationLandscapeRight";
				LD_RUNPATH_SEARCH_PATHS = (
					"$(inherited)",
					"@executable_path/Frameworks",
				);
				MARKETING_VERSION = 1.0;
				PRODUCT_BUNDLE_IDENTIFIER = Felipe.Aula01UFES;
				PRODUCT_NAME = "$(TARGET_NAME)";
				SWIFT_EMIT_LOC_STRINGS = YES;
				SWIFT_VERSION = 5.0;
				TARGETED_DEVICE_FAMILY = "1,2";
			};
			name = Release;
		};
/* End XCBuildConfiguration section */

/* Begin XCConfigurationList section */
		056AF0602C126BFB008C341D /* Build configuration list for PBXProject "Aula01UFES" */ = {
			isa = XCConfigurationList;
			buildConfigurations = (
				056AF0712C126BFC008C341D /* Debug */,
				056AF0722C126BFC008C341D /* Release */,
			);
			defaultConfigurationIsVisible = 0;
			defaultConfigurationName = Release;
		};
		056AF0732C126BFC008C341D /* Build configuration list for PBXNativeTarget "Aula01UFES" */ = {
			isa = XCConfigurationList;
			buildConfigurations = (
				056AF0742C126BFC008C341D /* Debug */,
				056AF0752C126BFC008C341D /* Release */,
			);
			defaultConfigurationIsVisible = 0;
			defaultConfigurationName = Release;
		};
/* End XCConfigurationList section */
	};
	rootObject = 056AF05D2C126BFB008C341D /* Project object */;
}
